{
  "lockfileVersion": 1,
  "components": {
    "weather-tool": {
      "registry": "@kitn",
      "type": "kitn:tool",
      "version": "1.0.0",
      "installedAt": "2026-02-25T00:00:00.000Z",
      "files": ["src/tools/weather.ts"],
      "integrity": "sha256:example0000000000000000000000000000000000000000000000000000000000",
      "resolved": "https://kitn-ai.github.io/kitn/r/tools/weather-tool.json"
    },
    "weather-agent": {
      "registry": "@kitn",
      "type": "kitn:agent",
      "version": "1.0.0",
      "installedAt": "2026-02-25T00:00:00.000Z",
      "files": ["src/agents/weather-agent.ts"],
      "integrity": "sha256:example0000000000000000000000000000000000000000000000000000000000",
      "resolved": "https://kitn-ai.github.io/kitn/r/agents/weather-agent.json",
      "registryDependencies": ["weather-tool"]
    }
  }
}
